
Microsoft Visual Studio Solution File, Format Version 12.00
# Visual Studio 15
VisualStudioVersion = 15.0.28307.1433
MinimumVisualStudioVersion = 10.0.40219.1
Project("{8BC9CEB8-8B4A-11D0-8D11-00A0C91BC942}") = "vpn", "vpn.vcxproj", "{219CB1F1-063A-4725-9D79-442B4356A07F}"
EndProject
Global
	GlobalSection(SolutionConfigurationPlatforms) = preSolution
		Debug|x86 = Debug|x86
		Release|x86 = Release|x86
	EndGlobalSection
	GlobalSection(ProjectConfigurationPlatforms) = postSolution
		{219CB1F1-063A-4725-9D79-442B4356A07F}.Debug|x86.ActiveCfg = Debug|Win32
		{219CB1F1-063A-4725-9D79-442B4356A07F}.Debug|x86.Build.0 = Debug|Win32
		{219CB1F1-063A-4725-9D79-442B4356A07F}.Release|x86.ActiveCfg = Release|Win32
		{219CB1F1-063A-4725-9D79-442B4356A07F}.Release|x86.Build.0 = Release|Win32
	EndGlobalSection
	GlobalSection(SolutionProperties) = preSolution
		HideSolutionNode = FALSE
	EndGlobalSection
	GlobalSection(ExtensibilityGlobals) = postSolution
		SolutionGuid = {2211EC66-3F6A-4305-9C68-D1C178118F75}
	EndGlobalSection
EndGlobal
