Microsoft Visual Studio Solution File, Format Version 12.00
# Visual Studio 15
VisualStudioVersion = 15.0.28307.1831
MinimumVisualStudioVersion = 10.0.40219.1
Project("{8BC9CEB8-8B4A-11D0-8D11-00A0C91BC942}") = "luadll", "luadll.vcxproj", "{561BC7C9-251A-439B-8366-57C7B811A873}"
	ProjectSection(ProjectDependencies) = postProject
		{952D9907-0F31-4E4A-8001-F854AF202A2E} = {952D9907-0F31-4E4A-8001-F854AF202A2E}
	EndProjectSection
EndProject
Project("{8BC9CEB8-8B4A-11D0-8D11-00A0C91BC942}") = "luaLib", "luaLib.vcxproj", "{952D9907-0F31-4E4A-8001-F854AF202A2E}"
EndProject
Global
	GlobalSection(SolutionConfigurationPlatforms) = preSolution
		Debug|Win32 = Debug|Win32
		Debug|x64 = Debug|x64
		Release|Win32 = Release|Win32
		Release|x64 = Release|x64
	EndGlobalSection
	GlobalSection(ProjectConfigurationPlatforms) = postSolution
		{561BC7C9-251A-439B-8366-57C7B811A873}.Debug|Win32.ActiveCfg = Debug|Win32
		{561BC7C9-251A-439B-8366-57C7B811A873}.Debug|Win32.Build.0 = Debug|Win32
		{561BC7C9-251A-439B-8366-57C7B811A873}.Debug|x64.ActiveCfg = Debug|x64
		{561BC7C9-251A-439B-8366-57C7B811A873}.Debug|x64.Build.0 = Debug|x64
		{561BC7C9-251A-439B-8366-57C7B811A873}.Release|Win32.ActiveCfg = Release|x64
		{561BC7C9-251A-439B-8366-57C7B811A873}.Release|Win32.Build.0 = Release|x64
		{561BC7C9-251A-439B-8366-57C7B811A873}.Release|x64.ActiveCfg = Release|x64
		{561BC7C9-251A-439B-8366-57C7B811A873}.Release|x64.Build.0 = Release|x64
		{952D9907-0F31-4E4A-8001-F854AF202A2E}.Debug|Win32.ActiveCfg = Debug|Win32
		{952D9907-0F31-4E4A-8001-F854AF202A2E}.Debug|Win32.Build.0 = Debug|Win32
		{952D9907-0F31-4E4A-8001-F854AF202A2E}.Debug|x64.ActiveCfg = Debug|x64
		{952D9907-0F31-4E4A-8001-F854AF202A2E}.Debug|x64.Build.0 = Debug|x64
		{952D9907-0F31-4E4A-8001-F854AF202A2E}.Release|Win32.ActiveCfg = Release|x64
		{952D9907-0F31-4E4A-8001-F854AF202A2E}.Release|Win32.Build.0 = Release|x64
		{952D9907-0F31-4E4A-8001-F854AF202A2E}.Release|x64.ActiveCfg = Release|x64
		{952D9907-0F31-4E4A-8001-F854AF202A2E}.Release|x64.Build.0 = Release|x64
	EndGlobalSection
	GlobalSection(SolutionProperties) = preSolution
		HideSolutionNode = FALSE
	EndGlobalSection
	GlobalSection(ExtensibilityGlobals) = postSolution
		SolutionGuid = {199890E1-FEED-43F1-BE24-83F5B6885C4B}
	EndGlobalSection
EndGlobal
