<?xml version="1.0" encoding="utf-8"?>
<Project ToolsVersion="14.0" xmlns="http://schemas.microsoft.com/developer/msbuild/2003">
  <ItemGroup>
    <ClCompile Include="C:\smartx1.0\modules\opencv\opencv-2.4.10\modules\calib3d\src\calibinit.cpp">
      <Filter>Src</Filter>
    </ClCompile>
    <ClCompile Include="C:\smartx1.0\modules\opencv\opencv-2.4.10\modules\calib3d\src\calibration.cpp">
      <Filter>Src</Filter>
    </ClCompile>
    <ClCompile Include="C:\smartx1.0\modules\opencv\opencv-2.4.10\modules\calib3d\src\checkchessboard.cpp">
      <Filter>Src</Filter>
    </ClCompile>
    <ClCompile Include="C:\smartx1.0\modules\opencv\opencv-2.4.10\modules\calib3d\src\circlesgrid.cpp">
      <Filter>Src</Filter>
    </ClCompile>
    <ClCompile Include="C:\smartx1.0\modules\opencv\opencv-2.4.10\modules\calib3d\src\epnp.cpp">
      <Filter>Src</Filter>
    </ClCompile>
    <ClCompile Include="C:\smartx1.0\modules\opencv\opencv-2.4.10\modules\calib3d\src\fisheye.cpp">
      <Filter>Src</Filter>
    </ClCompile>
    <ClCompile Include="C:\smartx1.0\modules\opencv\opencv-2.4.10\modules\calib3d\src\fundam.cpp">
      <Filter>Src</Filter>
    </ClCompile>
    <ClCompile Include="C:\smartx1.0\modules\opencv\opencv-2.4.10\modules\calib3d\src\modelest.cpp">
      <Filter>Src</Filter>
    </ClCompile>
    <ClCompile Include="C:\smartx1.0\modules\opencv\opencv-2.4.10\modules\calib3d\src\p3p.cpp">
      <Filter>Src</Filter>
    </ClCompile>
    <ClCompile Include="C:\smartx1.0\modules\opencv\opencv-2.4.10\modules\calib3d\src\polynom_solver.cpp">
      <Filter>Src</Filter>
    </ClCompile>
    <ClCompile Include="C:\smartx1.0\modules\opencv\opencv-2.4.10\modules\calib3d\src\posit.cpp">
      <Filter>Src</Filter>
    </ClCompile>
    <ClCompile Include="C:\smartx1.0\modules\opencv\opencv-2.4.10\modules\calib3d\src\quadsubpix.cpp">
      <Filter>Src</Filter>
    </ClCompile>
    <ClCompile Include="C:\smartx1.0\modules\opencv\opencv-2.4.10\modules\calib3d\src\solvepnp.cpp">
      <Filter>Src</Filter>
    </ClCompile>
    <ClCompile Include="C:\smartx1.0\modules\opencv\opencv-2.4.10\modules\calib3d\src\stereobm.cpp">
      <Filter>Src</Filter>
    </ClCompile>
    <ClCompile Include="C:\smartx1.0\modules\opencv\opencv-2.4.10\modules\calib3d\src\stereosgbm.cpp">
      <Filter>Src</Filter>
    </ClCompile>
    <ClCompile Include="C:\smartx1.0\modules\opencv\opencv-2.4.10\modules\calib3d\src\triangulate.cpp">
      <Filter>Src</Filter>
    </ClCompile>
    <ClCompile Include="C:\smartx1.0\modules\opencv\opencv-2.4.10\modules\calib3d\opencv_calib3d_pch.cpp">
      <Filter>Source Files</Filter>
    </ClCompile>
  </ItemGroup>
  <ItemGroup>
    <ClInclude Include="C:\smartx1.0\modules\opencv\opencv-2.4.10\modules\calib3d\include\opencv2\calib3d\calib3d.hpp">
      <Filter>Include</Filter>
    </ClInclude>
    <ClInclude Include="C:\smartx1.0\modules\opencv\opencv-2.4.10\modules\calib3d\src\_modelest.h">
      <Filter>Src</Filter>
    </ClInclude>
    <ClInclude Include="C:\smartx1.0\modules\opencv\opencv-2.4.10\modules\calib3d\src\circlesgrid.hpp">
      <Filter>Src</Filter>
    </ClInclude>
    <ClInclude Include="C:\smartx1.0\modules\opencv\opencv-2.4.10\modules\calib3d\src\epnp.h">
      <Filter>Src</Filter>
    </ClInclude>
    <ClInclude Include="C:\smartx1.0\modules\opencv\opencv-2.4.10\modules\calib3d\src\fisheye.hpp">
      <Filter>Src</Filter>
    </ClInclude>
    <ClInclude Include="C:\smartx1.0\modules\opencv\opencv-2.4.10\modules\calib3d\src\p3p.h">
      <Filter>Src</Filter>
    </ClInclude>
    <ClInclude Include="C:\smartx1.0\modules\opencv\opencv-2.4.10\modules\calib3d\src\polynom_solver.h">
      <Filter>Src</Filter>
    </ClInclude>
    <ClInclude Include="C:\smartx1.0\modules\opencv\opencv-2.4.10\modules\calib3d\src\precomp.hpp">
      <Filter>Src</Filter>
    </ClInclude>
    <ClInclude Include="C:\smartx1.0\modules\opencv\opencv-2.4.10\cvconfig.h">
      <Filter>Header Files</Filter>
    </ClInclude>
    <ClInclude Include="C:\smartx1.0\modules\opencv\opencv-2.4.10\opencv2\opencv_modules.hpp">
      <Filter>Header Files</Filter>
    </ClInclude>
  </ItemGroup>
  <ItemGroup>
    <CustomBuild Include="C:\smartx1.0\modules\opencv\opencv-2.4.10\modules\calib3d\CMakeLists.txt" />
  </ItemGroup>
  <ItemGroup>
    <Filter Include="Header Files">
      <UniqueIdentifier>{E6428E4B-3832-39C3-A390-FDABC1B5AC00}</UniqueIdentifier>
    </Filter>
    <Filter Include="Include">
      <UniqueIdentifier>{A280D851-AF3D-383F-8C95-26A3EC1C1ED0}</UniqueIdentifier>
    </Filter>
    <Filter Include="Source Files">
      <UniqueIdentifier>{26CE975A-5610-31AA-9A8D-5F5FF54B625A}</UniqueIdentifier>
    </Filter>
    <Filter Include="Src">
      <UniqueIdentifier>{697B5E73-F8D9-3BB0-A0DB-5B0B33B621EE}</UniqueIdentifier>
    </Filter>
  </ItemGroup>
</Project>
