
Microsoft Visual Studio Solution File, Format Version 12.00
# Visual Studio 15
VisualStudioVersion = 15.0.28307.1433
MinimumVisualStudioVersion = 10.0.40219.1
Project("{8BC9CEB8-8B4A-11D0-8D11-00A0C91BC942}") = "libssh2", "libssh2.vcxproj", "{F9E409B5-00F2-4688-A32D-3E363B57162D}"
EndProject
Project("{8BC9CEB8-8B4A-11D0-8D11-00A0C91BC942}") = "tests", "tests.vcxproj", "{AE4A5288-84C2-496E-9D2C-0AF7F730A15F}"
EndProject
Global
	GlobalSection(SolutionConfigurationPlatforms) = preSolution
		Debug|x86 = Debug|x86
		OpenSSL DLL Debug|x86 = OpenSSL DLL Debug|x86
		OpenSSL DLL Release|x86 = OpenSSL DLL Release|x86
		OpenSSL LIB Debug|x86 = OpenSSL LIB Debug|x86
		OpenSSL LIB Release|x86 = OpenSSL LIB Release|x86
		Release|x86 = Release|x86
		WinCNG DLL Debug|x86 = WinCNG DLL Debug|x86
		WinCNG DLL Release|x86 = WinCNG DLL Release|x86
		WinCNG LIB Debug|x86 = WinCNG LIB Debug|x86
		WinCNG LIB Release|x86 = WinCNG LIB Release|x86
	EndGlobalSection
	GlobalSection(ProjectConfigurationPlatforms) = postSolution
		{F9E409B5-00F2-4688-A32D-3E363B57162D}.Debug|x86.ActiveCfg = WinCNG LIB Debug|Win32
		{F9E409B5-00F2-4688-A32D-3E363B57162D}.Debug|x86.Build.0 = WinCNG LIB Debug|Win32
		{F9E409B5-00F2-4688-A32D-3E363B57162D}.OpenSSL DLL Debug|x86.ActiveCfg = OpenSSL DLL Debug|Win32
		{F9E409B5-00F2-4688-A32D-3E363B57162D}.OpenSSL DLL Debug|x86.Build.0 = OpenSSL DLL Debug|Win32
		{F9E409B5-00F2-4688-A32D-3E363B57162D}.OpenSSL DLL Release|x86.ActiveCfg = OpenSSL DLL Release|Win32
		{F9E409B5-00F2-4688-A32D-3E363B57162D}.OpenSSL DLL Release|x86.Build.0 = OpenSSL DLL Release|Win32
		{F9E409B5-00F2-4688-A32D-3E363B57162D}.OpenSSL LIB Debug|x86.ActiveCfg = OpenSSL LIB Debug|Win32
		{F9E409B5-00F2-4688-A32D-3E363B57162D}.OpenSSL LIB Debug|x86.Build.0 = OpenSSL LIB Debug|Win32
		{F9E409B5-00F2-4688-A32D-3E363B57162D}.OpenSSL LIB Release|x86.ActiveCfg = OpenSSL LIB Release|Win32
		{F9E409B5-00F2-4688-A32D-3E363B57162D}.OpenSSL LIB Release|x86.Build.0 = OpenSSL LIB Release|Win32
		{F9E409B5-00F2-4688-A32D-3E363B57162D}.Release|x86.ActiveCfg = WinCNG LIB Release|Win32
		{F9E409B5-00F2-4688-A32D-3E363B57162D}.Release|x86.Build.0 = WinCNG LIB Release|Win32
		{F9E409B5-00F2-4688-A32D-3E363B57162D}.WinCNG DLL Debug|x86.ActiveCfg = WinCNG DLL Debug|Win32
		{F9E409B5-00F2-4688-A32D-3E363B57162D}.WinCNG DLL Debug|x86.Build.0 = WinCNG DLL Debug|Win32
		{F9E409B5-00F2-4688-A32D-3E363B57162D}.WinCNG DLL Release|x86.ActiveCfg = WinCNG DLL Release|Win32
		{F9E409B5-00F2-4688-A32D-3E363B57162D}.WinCNG DLL Release|x86.Build.0 = WinCNG DLL Release|Win32
		{F9E409B5-00F2-4688-A32D-3E363B57162D}.WinCNG LIB Debug|x86.ActiveCfg = WinCNG LIB Debug|Win32
		{F9E409B5-00F2-4688-A32D-3E363B57162D}.WinCNG LIB Debug|x86.Build.0 = WinCNG LIB Debug|Win32
		{F9E409B5-00F2-4688-A32D-3E363B57162D}.WinCNG LIB Release|x86.ActiveCfg = WinCNG LIB Release|Win32
		{F9E409B5-00F2-4688-A32D-3E363B57162D}.WinCNG LIB Release|x86.Build.0 = WinCNG LIB Release|Win32
		{AE4A5288-84C2-496E-9D2C-0AF7F730A15F}.Debug|x86.ActiveCfg = Debug|Win32
		{AE4A5288-84C2-496E-9D2C-0AF7F730A15F}.Debug|x86.Build.0 = Debug|Win32
		{AE4A5288-84C2-496E-9D2C-0AF7F730A15F}.OpenSSL DLL Debug|x86.ActiveCfg = Debug|Win32
		{AE4A5288-84C2-496E-9D2C-0AF7F730A15F}.OpenSSL DLL Debug|x86.Build.0 = Debug|Win32
		{AE4A5288-84C2-496E-9D2C-0AF7F730A15F}.OpenSSL DLL Release|x86.ActiveCfg = Release|Win32
		{AE4A5288-84C2-496E-9D2C-0AF7F730A15F}.OpenSSL DLL Release|x86.Build.0 = Release|Win32
		{AE4A5288-84C2-496E-9D2C-0AF7F730A15F}.OpenSSL LIB Debug|x86.ActiveCfg = Debug|Win32
		{AE4A5288-84C2-496E-9D2C-0AF7F730A15F}.OpenSSL LIB Debug|x86.Build.0 = Debug|Win32
		{AE4A5288-84C2-496E-9D2C-0AF7F730A15F}.OpenSSL LIB Release|x86.ActiveCfg = Release|Win32
		{AE4A5288-84C2-496E-9D2C-0AF7F730A15F}.OpenSSL LIB Release|x86.Build.0 = Release|Win32
		{AE4A5288-84C2-496E-9D2C-0AF7F730A15F}.Release|x86.ActiveCfg = Release|Win32
		{AE4A5288-84C2-496E-9D2C-0AF7F730A15F}.Release|x86.Build.0 = Release|Win32
		{AE4A5288-84C2-496E-9D2C-0AF7F730A15F}.WinCNG DLL Debug|x86.ActiveCfg = Debug|Win32
		{AE4A5288-84C2-496E-9D2C-0AF7F730A15F}.WinCNG DLL Debug|x86.Build.0 = Debug|Win32
		{AE4A5288-84C2-496E-9D2C-0AF7F730A15F}.WinCNG DLL Release|x86.ActiveCfg = Release|Win32
		{AE4A5288-84C2-496E-9D2C-0AF7F730A15F}.WinCNG DLL Release|x86.Build.0 = Release|Win32
		{AE4A5288-84C2-496E-9D2C-0AF7F730A15F}.WinCNG LIB Debug|x86.ActiveCfg = Debug|Win32
		{AE4A5288-84C2-496E-9D2C-0AF7F730A15F}.WinCNG LIB Debug|x86.Build.0 = Debug|Win32
		{AE4A5288-84C2-496E-9D2C-0AF7F730A15F}.WinCNG LIB Release|x86.ActiveCfg = Release|Win32
		{AE4A5288-84C2-496E-9D2C-0AF7F730A15F}.WinCNG LIB Release|x86.Build.0 = Release|Win32
	EndGlobalSection
	GlobalSection(SolutionProperties) = preSolution
		HideSolutionNode = FALSE
	EndGlobalSection
	GlobalSection(ExtensibilityGlobals) = postSolution
		SolutionGuid = {7AFEF937-47B8-4147-81AE-EF874A20DFD1}
	EndGlobalSection
EndGlobal
