Microsoft Visual Studio Solution File, Format Version 12.00
# Visual Studio 14
Project("{8BC9CEB8-8B4A-11D0-8D11-00A0C91BC942}") = "ALL_BUILD", "ALL_BUILD.vcxproj", "{453A91DF-D78B-30EE-861E-29F674A77FC5}"
	ProjectSection(ProjectDependencies) = postProject
		{F1CC9353-A956-3270-833A-594D0F95B94C} = {F1CC9353-A956-3270-833A-594D0F95B94C}
		{DCE46B0A-C95A-3B70-8F40-EBF829F730A0} = {DCE46B0A-C95A-3B70-8F40-EBF829F730A0}
	EndProjectSection
EndProject
Project("{8BC9CEB8-8B4A-11D0-8D11-00A0C91BC942}") = "INSTALL", "INSTALL.vcxproj", "{800C9776-6481-3E6D-8349-507A0A674C8A}"
	ProjectSection(ProjectDependencies) = postProject
		{453A91DF-D78B-30EE-861E-29F674A77FC5} = {453A91DF-D78B-30EE-861E-29F674A77FC5}
		{F1CC9353-A956-3270-833A-594D0F95B94C} = {F1CC9353-A956-3270-833A-594D0F95B94C}
	EndProjectSection
EndProject
Project("{8BC9CEB8-8B4A-11D0-8D11-00A0C91BC942}") = "ZERO_CHECK", "..\\ZERO_CHECK.vcxproj", "{F1CC9353-A956-3270-833A-594D0F95B94C}"
	ProjectSection(ProjectDependencies) = postProject
	EndProjectSection
EndProject
Project("{8BC9CEB8-8B4A-11D0-8D11-00A0C91BC942}") = "dlib", "dlib.vcxproj", "{DCE46B0A-C95A-3B70-8F40-EBF829F730A0}"
	ProjectSection(ProjectDependencies) = postProject
		{F1CC9353-A956-3270-833A-594D0F95B94C} = {F1CC9353-A956-3270-833A-594D0F95B94C}
	EndProjectSection
EndProject
Global
	GlobalSection(SolutionConfigurationPlatforms) = preSolution
		Debug|Win32 = Debug|Win32
		Release|Win32 = Release|Win32
		MinSizeRel|Win32 = MinSizeRel|Win32
		RelWithDebInfo|Win32 = RelWithDebInfo|Win32
	EndGlobalSection
	GlobalSection(ProjectConfigurationPlatforms) = postSolution
		{453A91DF-D78B-30EE-861E-29F674A77FC5}.Debug|Win32.ActiveCfg = Debug|Win32
		{453A91DF-D78B-30EE-861E-29F674A77FC5}.Debug|Win32.Build.0 = Debug|Win32
		{453A91DF-D78B-30EE-861E-29F674A77FC5}.Release|Win32.ActiveCfg = Release|Win32
		{453A91DF-D78B-30EE-861E-29F674A77FC5}.Release|Win32.Build.0 = Release|Win32
		{453A91DF-D78B-30EE-861E-29F674A77FC5}.MinSizeRel|Win32.ActiveCfg = MinSizeRel|Win32
		{453A91DF-D78B-30EE-861E-29F674A77FC5}.MinSizeRel|Win32.Build.0 = MinSizeRel|Win32
		{453A91DF-D78B-30EE-861E-29F674A77FC5}.RelWithDebInfo|Win32.ActiveCfg = RelWithDebInfo|Win32
		{453A91DF-D78B-30EE-861E-29F674A77FC5}.RelWithDebInfo|Win32.Build.0 = RelWithDebInfo|Win32
		{800C9776-6481-3E6D-8349-507A0A674C8A}.Debug|Win32.ActiveCfg = Debug|Win32
		{800C9776-6481-3E6D-8349-507A0A674C8A}.Release|Win32.ActiveCfg = Release|Win32
		{800C9776-6481-3E6D-8349-507A0A674C8A}.MinSizeRel|Win32.ActiveCfg = MinSizeRel|Win32
		{800C9776-6481-3E6D-8349-507A0A674C8A}.RelWithDebInfo|Win32.ActiveCfg = RelWithDebInfo|Win32
		{F1CC9353-A956-3270-833A-594D0F95B94C}.Debug|Win32.ActiveCfg = Debug|Win32
		{F1CC9353-A956-3270-833A-594D0F95B94C}.Debug|Win32.Build.0 = Debug|Win32
		{F1CC9353-A956-3270-833A-594D0F95B94C}.Release|Win32.ActiveCfg = Release|Win32
		{F1CC9353-A956-3270-833A-594D0F95B94C}.Release|Win32.Build.0 = Release|Win32
		{F1CC9353-A956-3270-833A-594D0F95B94C}.MinSizeRel|Win32.ActiveCfg = MinSizeRel|Win32
		{F1CC9353-A956-3270-833A-594D0F95B94C}.MinSizeRel|Win32.Build.0 = MinSizeRel|Win32
		{F1CC9353-A956-3270-833A-594D0F95B94C}.RelWithDebInfo|Win32.ActiveCfg = RelWithDebInfo|Win32
		{F1CC9353-A956-3270-833A-594D0F95B94C}.RelWithDebInfo|Win32.Build.0 = RelWithDebInfo|Win32
		{DCE46B0A-C95A-3B70-8F40-EBF829F730A0}.Debug|Win32.ActiveCfg = Debug|Win32
		{DCE46B0A-C95A-3B70-8F40-EBF829F730A0}.Debug|Win32.Build.0 = Debug|Win32
		{DCE46B0A-C95A-3B70-8F40-EBF829F730A0}.Release|Win32.ActiveCfg = Release|Win32
		{DCE46B0A-C95A-3B70-8F40-EBF829F730A0}.Release|Win32.Build.0 = Release|Win32
		{DCE46B0A-C95A-3B70-8F40-EBF829F730A0}.MinSizeRel|Win32.ActiveCfg = MinSizeRel|Win32
		{DCE46B0A-C95A-3B70-8F40-EBF829F730A0}.MinSizeRel|Win32.Build.0 = MinSizeRel|Win32
		{DCE46B0A-C95A-3B70-8F40-EBF829F730A0}.RelWithDebInfo|Win32.ActiveCfg = RelWithDebInfo|Win32
		{DCE46B0A-C95A-3B70-8F40-EBF829F730A0}.RelWithDebInfo|Win32.Build.0 = RelWithDebInfo|Win32
	EndGlobalSection
	GlobalSection(ExtensibilityGlobals) = postSolution
		SolutionGuid = {013F5B3F-8050-3E0A-98CB-C022E89F4294}
	EndGlobalSection
	GlobalSection(ExtensibilityAddIns) = postSolution
	EndGlobalSection
EndGlobal
