<?xml version="1.0" encoding="utf-8"?>
<Project ToolsVersion="14.0" xmlns="http://schemas.microsoft.com/developer/msbuild/2003">
  <ItemGroup>
    <ClCompile Include="C:\smartx1.0\modules\opencv\opencv-2.4.10\apps\haartraining\performance.cpp">
      <Filter>Source Files</Filter>
    </ClCompile>
  </ItemGroup>
  <ItemGroup>
    <Filter Include="Source Files">
      <UniqueIdentifier>{26CE975A-5610-31AA-9A8D-5F5FF54B625A}</UniqueIdentifier>
    </Filter>
  </ItemGroup>
</Project>
