<?xml version="1.0" encoding="utf-8"?>
<Project ToolsVersion="4.0" xmlns="http://schemas.microsoft.com/developer/msbuild/2003">
  <ItemGroup>
    <Filter Include="Header Files">
      <UniqueIdentifier>{93995380-89BD-4b04-88EB-625FBE52EBFB}</UniqueIdentifier>
      <Extensions>h;hpp;hxx;hm;inl;inc;xsd</Extensions>
    </Filter>
    <Filter Include="Resource Files">
      <UniqueIdentifier>{67DA6AB6-F800-4c08-8B7A-83BB121AAD01}</UniqueIdentifier>
      <Extensions>rc;ico;cur;bmp;dlg;rc2;rct;bin;rgs;gif;jpg;jpeg;jpe;resx</Extensions>
    </Filter>
    <Filter Include="Source Files">
      <UniqueIdentifier>{4FC737F1-C7A5-4376-A066-2A32D752A2FF}</UniqueIdentifier>
      <Extensions>cpp;c;cc;cxx;def;odl;idl;hpj;bat;asm;asmx</Extensions>
    </Filter>
  </ItemGroup>
  <ItemGroup>
    <ClInclude Include="include\ctb-0.16\ctb.h">
      <Filter>Header Files</Filter>
    </ClInclude>
    <ClInclude Include="include\ctb-0.16\fifo.h">
      <Filter>Header Files</Filter>
    </ClInclude>
    <ClInclude Include="include\ctb-0.16\getopt.h">
      <Filter>Header Files</Filter>
    </ClInclude>
    <ClInclude Include="include\ctb-0.16\gpib.h">
      <Filter>Header Files</Filter>
    </ClInclude>
    <ClInclude Include="include\ctb-0.16\iobase.h">
      <Filter>Header Files</Filter>
    </ClInclude>
    <ClInclude Include="include\ctb-0.16\kbhit.h">
      <Filter>Header Files</Filter>
    </ClInclude>
    <ClInclude Include="include\ctb-0.16\portscan.h">
      <Filter>Header Files</Filter>
    </ClInclude>
    <ClInclude Include="include\ctb-0.16\serport.h">
      <Filter>Header Files</Filter>
    </ClInclude>
    <ClInclude Include="include\ctb-0.16\serportx.h">
      <Filter>Header Files</Filter>
    </ClInclude>
    <ClInclude Include="include\ctb-0.16\timer.h">
      <Filter>Header Files</Filter>
    </ClInclude>
    <ClInclude Include="include\ctb-0.16\win32\getopt.h">
      <Filter>Header Files</Filter>
    </ClInclude>
    <ClInclude Include="include\ctb-0.16\win32\gpib-32.h">
      <Filter>Header Files</Filter>
    </ClInclude>
    <ClInclude Include="include\ctb-0.16\win32\serport.h">
      <Filter>Header Files</Filter>
    </ClInclude>
    <ClInclude Include="include\ctb-0.16\win32\timer.h">
      <Filter>Header Files</Filter>
    </ClInclude>
  </ItemGroup>
  <ItemGroup>
    <ClCompile Include="src\fifo.cpp">
      <Filter>Source Files</Filter>
    </ClCompile>
    <ClCompile Include="src\getopt.cpp">
      <Filter>Source Files</Filter>
    </ClCompile>
    <ClCompile Include="src\gpib.cpp">
      <Filter>Source Files</Filter>
    </ClCompile>
    <ClCompile Include="src\iobase.cpp">
      <Filter>Source Files</Filter>
    </ClCompile>
    <ClCompile Include="src\kbhit.cpp">
      <Filter>Source Files</Filter>
    </ClCompile>
    <ClCompile Include="src\portscan.cpp">
      <Filter>Source Files</Filter>
    </ClCompile>
    <ClCompile Include="src\serportx.cpp">
      <Filter>Source Files</Filter>
    </ClCompile>
    <ClCompile Include="src\win32\getopt.cpp">
      <Filter>Source Files</Filter>
    </ClCompile>
    <ClCompile Include="src\win32\serport.cpp">
      <Filter>Source Files</Filter>
    </ClCompile>
    <ClCompile Include="src\win32\timer.cpp">
      <Filter>Source Files</Filter>
    </ClCompile>
  </ItemGroup>
</Project>