Microsoft Visual Studio Solution File, Format Version 12.00
# Visual Studio 14
Project("{8BC9CEB8-8B4A-11D0-8D11-00A0C91BC942}") = "ALL_BUILD", "ALL_BUILD.vcxproj", "{B241A573-20C1-373C-8200-8D7EFA92CAD1}"
	ProjectSection(ProjectDependencies) = postProject
		{551B7C9E-3EAA-3018-AC79-158D1C6290E5} = {551B7C9E-3EAA-3018-AC79-158D1C6290E5}
		{301D6FAD-252E-3776-BC99-E82DA30336A1} = {301D6FAD-252E-3776-BC99-E82DA30336A1}
	EndProjectSection
EndProject
Project("{8BC9CEB8-8B4A-11D0-8D11-00A0C91BC942}") = "INSTALL", "INSTALL.vcxproj", "{56810069-DC37-3F92-A75F-B600F9519C49}"
	ProjectSection(ProjectDependencies) = postProject
		{B241A573-20C1-373C-8200-8D7EFA92CAD1} = {B241A573-20C1-373C-8200-8D7EFA92CAD1}
		{551B7C9E-3EAA-3018-AC79-158D1C6290E5} = {551B7C9E-3EAA-3018-AC79-158D1C6290E5}
	EndProjectSection
EndProject
Project("{8BC9CEB8-8B4A-11D0-8D11-00A0C91BC942}") = "PACKAGE", "PACKAGE.vcxproj", "{392F1EE6-A00C-380D-942B-55C06D467CC1}"
	ProjectSection(ProjectDependencies) = postProject
		{B241A573-20C1-373C-8200-8D7EFA92CAD1} = {B241A573-20C1-373C-8200-8D7EFA92CAD1}
		{551B7C9E-3EAA-3018-AC79-158D1C6290E5} = {551B7C9E-3EAA-3018-AC79-158D1C6290E5}
	EndProjectSection
EndProject
Project("{8BC9CEB8-8B4A-11D0-8D11-00A0C91BC942}") = "ZERO_CHECK", "..\\ZERO_CHECK.vcxproj", "{551B7C9E-3EAA-3018-AC79-158D1C6290E5}"
	ProjectSection(ProjectDependencies) = postProject
	EndProjectSection
EndProject
Project("{8BC9CEB8-8B4A-11D0-8D11-00A0C91BC942}") = "dlib", "dlib.vcxproj", "{301D6FAD-252E-3776-BC99-E82DA30336A1}"
	ProjectSection(ProjectDependencies) = postProject
		{551B7C9E-3EAA-3018-AC79-158D1C6290E5} = {551B7C9E-3EAA-3018-AC79-158D1C6290E5}
	EndProjectSection
EndProject
Global
	GlobalSection(SolutionConfigurationPlatforms) = preSolution
		Debug|Win32 = Debug|Win32
		Release|Win32 = Release|Win32
		MinSizeRel|Win32 = MinSizeRel|Win32
		RelWithDebInfo|Win32 = RelWithDebInfo|Win32
	EndGlobalSection
	GlobalSection(ProjectConfigurationPlatforms) = postSolution
		{B241A573-20C1-373C-8200-8D7EFA92CAD1}.Debug|Win32.ActiveCfg = Debug|Win32
		{B241A573-20C1-373C-8200-8D7EFA92CAD1}.Debug|Win32.Build.0 = Debug|Win32
		{B241A573-20C1-373C-8200-8D7EFA92CAD1}.Release|Win32.ActiveCfg = Release|Win32
		{B241A573-20C1-373C-8200-8D7EFA92CAD1}.Release|Win32.Build.0 = Release|Win32
		{B241A573-20C1-373C-8200-8D7EFA92CAD1}.MinSizeRel|Win32.ActiveCfg = MinSizeRel|Win32
		{B241A573-20C1-373C-8200-8D7EFA92CAD1}.MinSizeRel|Win32.Build.0 = MinSizeRel|Win32
		{B241A573-20C1-373C-8200-8D7EFA92CAD1}.RelWithDebInfo|Win32.ActiveCfg = RelWithDebInfo|Win32
		{B241A573-20C1-373C-8200-8D7EFA92CAD1}.RelWithDebInfo|Win32.Build.0 = RelWithDebInfo|Win32
		{56810069-DC37-3F92-A75F-B600F9519C49}.Debug|Win32.ActiveCfg = Debug|Win32
		{56810069-DC37-3F92-A75F-B600F9519C49}.Release|Win32.ActiveCfg = Release|Win32
		{56810069-DC37-3F92-A75F-B600F9519C49}.MinSizeRel|Win32.ActiveCfg = MinSizeRel|Win32
		{56810069-DC37-3F92-A75F-B600F9519C49}.RelWithDebInfo|Win32.ActiveCfg = RelWithDebInfo|Win32
		{392F1EE6-A00C-380D-942B-55C06D467CC1}.Debug|Win32.ActiveCfg = Debug|Win32
		{392F1EE6-A00C-380D-942B-55C06D467CC1}.Release|Win32.ActiveCfg = Release|Win32
		{392F1EE6-A00C-380D-942B-55C06D467CC1}.MinSizeRel|Win32.ActiveCfg = MinSizeRel|Win32
		{392F1EE6-A00C-380D-942B-55C06D467CC1}.RelWithDebInfo|Win32.ActiveCfg = RelWithDebInfo|Win32
		{551B7C9E-3EAA-3018-AC79-158D1C6290E5}.Debug|Win32.ActiveCfg = Debug|Win32
		{551B7C9E-3EAA-3018-AC79-158D1C6290E5}.Debug|Win32.Build.0 = Debug|Win32
		{551B7C9E-3EAA-3018-AC79-158D1C6290E5}.Release|Win32.ActiveCfg = Release|Win32
		{551B7C9E-3EAA-3018-AC79-158D1C6290E5}.Release|Win32.Build.0 = Release|Win32
		{551B7C9E-3EAA-3018-AC79-158D1C6290E5}.MinSizeRel|Win32.ActiveCfg = MinSizeRel|Win32
		{551B7C9E-3EAA-3018-AC79-158D1C6290E5}.MinSizeRel|Win32.Build.0 = MinSizeRel|Win32
		{551B7C9E-3EAA-3018-AC79-158D1C6290E5}.RelWithDebInfo|Win32.ActiveCfg = RelWithDebInfo|Win32
		{551B7C9E-3EAA-3018-AC79-158D1C6290E5}.RelWithDebInfo|Win32.Build.0 = RelWithDebInfo|Win32
		{301D6FAD-252E-3776-BC99-E82DA30336A1}.Debug|Win32.ActiveCfg = Debug|Win32
		{301D6FAD-252E-3776-BC99-E82DA30336A1}.Debug|Win32.Build.0 = Debug|Win32
		{301D6FAD-252E-3776-BC99-E82DA30336A1}.Release|Win32.ActiveCfg = Release|Win32
		{301D6FAD-252E-3776-BC99-E82DA30336A1}.Release|Win32.Build.0 = Release|Win32
		{301D6FAD-252E-3776-BC99-E82DA30336A1}.MinSizeRel|Win32.ActiveCfg = MinSizeRel|Win32
		{301D6FAD-252E-3776-BC99-E82DA30336A1}.MinSizeRel|Win32.Build.0 = MinSizeRel|Win32
		{301D6FAD-252E-3776-BC99-E82DA30336A1}.RelWithDebInfo|Win32.ActiveCfg = RelWithDebInfo|Win32
		{301D6FAD-252E-3776-BC99-E82DA30336A1}.RelWithDebInfo|Win32.Build.0 = RelWithDebInfo|Win32
	EndGlobalSection
	GlobalSection(ExtensibilityGlobals) = postSolution
		SolutionGuid = {5EE32D6C-4AD9-337C-B76A-92C2BA6062DC}
	EndGlobalSection
	GlobalSection(ExtensibilityAddIns) = postSolution
	EndGlobalSection
EndGlobal
