<?xml version="1.0" encoding="utf-8"?>
<Project ToolsVersion="14.0" xmlns="http://schemas.microsoft.com/developer/msbuild/2003">
  <ItemGroup>
    <ClCompile Include="C:\smartx1.0\modules\opencv\opencv-2.4.10\modules\imgproc\perf\perf_bilateral.cpp">
      <Filter>Src</Filter>
    </ClCompile>
    <ClCompile Include="C:\smartx1.0\modules\opencv\opencv-2.4.10\modules\imgproc\perf\perf_blur.cpp">
      <Filter>Src</Filter>
    </ClCompile>
    <ClCompile Include="C:\smartx1.0\modules\opencv\opencv-2.4.10\modules\imgproc\perf\perf_canny.cpp">
      <Filter>Src</Filter>
    </ClCompile>
    <ClCompile Include="C:\smartx1.0\modules\opencv\opencv-2.4.10\modules\imgproc\perf\perf_cornerEigenValsAndVecs.cpp">
      <Filter>Src</Filter>
    </ClCompile>
    <ClCompile Include="C:\smartx1.0\modules\opencv\opencv-2.4.10\modules\imgproc\perf\perf_cornerHarris.cpp">
      <Filter>Src</Filter>
    </ClCompile>
    <ClCompile Include="C:\smartx1.0\modules\opencv\opencv-2.4.10\modules\imgproc\perf\perf_cvt_color.cpp">
      <Filter>Src</Filter>
    </ClCompile>
    <ClCompile Include="C:\smartx1.0\modules\opencv\opencv-2.4.10\modules\imgproc\perf\perf_distanceTransform.cpp">
      <Filter>Src</Filter>
    </ClCompile>
    <ClCompile Include="C:\smartx1.0\modules\opencv\opencv-2.4.10\modules\imgproc\perf\perf_filter2d.cpp">
      <Filter>Src</Filter>
    </ClCompile>
    <ClCompile Include="C:\smartx1.0\modules\opencv\opencv-2.4.10\modules\imgproc\perf\perf_goodFeaturesToTrack.cpp">
      <Filter>Src</Filter>
    </ClCompile>
    <ClCompile Include="C:\smartx1.0\modules\opencv\opencv-2.4.10\modules\imgproc\perf\perf_histogram.cpp">
      <Filter>Src</Filter>
    </ClCompile>
    <ClCompile Include="C:\smartx1.0\modules\opencv\opencv-2.4.10\modules\imgproc\perf\perf_houghLines.cpp">
      <Filter>Src</Filter>
    </ClCompile>
    <ClCompile Include="C:\smartx1.0\modules\opencv\opencv-2.4.10\modules\imgproc\perf\perf_integral.cpp">
      <Filter>Src</Filter>
    </ClCompile>
    <ClCompile Include="C:\smartx1.0\modules\opencv\opencv-2.4.10\modules\imgproc\perf\perf_main.cpp">
      <Filter>Src</Filter>
    </ClCompile>
    <ClCompile Include="C:\smartx1.0\modules\opencv\opencv-2.4.10\modules\imgproc\perf\perf_matchTemplate.cpp">
      <Filter>Src</Filter>
    </ClCompile>
    <ClCompile Include="C:\smartx1.0\modules\opencv\opencv-2.4.10\modules\imgproc\perf\perf_morph.cpp">
      <Filter>Src</Filter>
    </ClCompile>
    <ClCompile Include="C:\smartx1.0\modules\opencv\opencv-2.4.10\modules\imgproc\perf\perf_pyramids.cpp">
      <Filter>Src</Filter>
    </ClCompile>
    <ClCompile Include="C:\smartx1.0\modules\opencv\opencv-2.4.10\modules\imgproc\perf\perf_remap.cpp">
      <Filter>Src</Filter>
    </ClCompile>
    <ClCompile Include="C:\smartx1.0\modules\opencv\opencv-2.4.10\modules\imgproc\perf\perf_resize.cpp">
      <Filter>Src</Filter>
    </ClCompile>
    <ClCompile Include="C:\smartx1.0\modules\opencv\opencv-2.4.10\modules\imgproc\perf\perf_sepfilters.cpp">
      <Filter>Src</Filter>
    </ClCompile>
    <ClCompile Include="C:\smartx1.0\modules\opencv\opencv-2.4.10\modules\imgproc\perf\perf_threshold.cpp">
      <Filter>Src</Filter>
    </ClCompile>
    <ClCompile Include="C:\smartx1.0\modules\opencv\opencv-2.4.10\modules\imgproc\perf\perf_warp.cpp">
      <Filter>Src</Filter>
    </ClCompile>
    <ClCompile Include="C:\smartx1.0\modules\opencv\opencv-2.4.10\modules\imgproc\opencv_perf_imgproc_pch.cpp">
      <Filter>Source Files</Filter>
    </ClCompile>
  </ItemGroup>
  <ItemGroup>
    <ClInclude Include="C:\smartx1.0\modules\opencv\opencv-2.4.10\modules\imgproc\perf\perf_precomp.hpp">
      <Filter>Include</Filter>
    </ClInclude>
  </ItemGroup>
  <ItemGroup>
    <Filter Include="Include">
      <UniqueIdentifier>{A280D851-AF3D-383F-8C95-26A3EC1C1ED0}</UniqueIdentifier>
    </Filter>
    <Filter Include="Source Files">
      <UniqueIdentifier>{26CE975A-5610-31AA-9A8D-5F5FF54B625A}</UniqueIdentifier>
    </Filter>
    <Filter Include="Src">
      <UniqueIdentifier>{697B5E73-F8D9-3BB0-A0DB-5B0B33B621EE}</UniqueIdentifier>
    </Filter>
  </ItemGroup>
</Project>
