<?xml version="1.0" encoding="utf-8"?>
<Project ToolsVersion="14.0" xmlns="http://schemas.microsoft.com/developer/msbuild/2003">
  <ItemGroup>
    <ClCompile Include="C:\smartx1.0\modules\opencv\opencv-2.4.10\modules\features2d\src\bagofwords.cpp">
      <Filter>Src</Filter>
    </ClCompile>
    <ClCompile Include="C:\smartx1.0\modules\opencv\opencv-2.4.10\modules\features2d\src\blobdetector.cpp">
      <Filter>Src</Filter>
    </ClCompile>
    <ClCompile Include="C:\smartx1.0\modules\opencv\opencv-2.4.10\modules\features2d\src\brief.cpp">
      <Filter>Src</Filter>
    </ClCompile>
    <ClCompile Include="C:\smartx1.0\modules\opencv\opencv-2.4.10\modules\features2d\src\brisk.cpp">
      <Filter>Src</Filter>
    </ClCompile>
    <ClCompile Include="C:\smartx1.0\modules\opencv\opencv-2.4.10\modules\features2d\src\descriptors.cpp">
      <Filter>Src</Filter>
    </ClCompile>
    <ClCompile Include="C:\smartx1.0\modules\opencv\opencv-2.4.10\modules\features2d\src\detectors.cpp">
      <Filter>Src</Filter>
    </ClCompile>
    <ClCompile Include="C:\smartx1.0\modules\opencv\opencv-2.4.10\modules\features2d\src\draw.cpp">
      <Filter>Src</Filter>
    </ClCompile>
    <ClCompile Include="C:\smartx1.0\modules\opencv\opencv-2.4.10\modules\features2d\src\dynamic.cpp">
      <Filter>Src</Filter>
    </ClCompile>
    <ClCompile Include="C:\smartx1.0\modules\opencv\opencv-2.4.10\modules\features2d\src\evaluation.cpp">
      <Filter>Src</Filter>
    </ClCompile>
    <ClCompile Include="C:\smartx1.0\modules\opencv\opencv-2.4.10\modules\features2d\src\fast.cpp">
      <Filter>Src</Filter>
    </ClCompile>
    <ClCompile Include="C:\smartx1.0\modules\opencv\opencv-2.4.10\modules\features2d\src\fast_score.cpp">
      <Filter>Src</Filter>
    </ClCompile>
    <ClCompile Include="C:\smartx1.0\modules\opencv\opencv-2.4.10\modules\features2d\src\features2d_init.cpp">
      <Filter>Src</Filter>
    </ClCompile>
    <ClCompile Include="C:\smartx1.0\modules\opencv\opencv-2.4.10\modules\features2d\src\freak.cpp">
      <Filter>Src</Filter>
    </ClCompile>
    <ClCompile Include="C:\smartx1.0\modules\opencv\opencv-2.4.10\modules\features2d\src\keypoint.cpp">
      <Filter>Src</Filter>
    </ClCompile>
    <ClCompile Include="C:\smartx1.0\modules\opencv\opencv-2.4.10\modules\features2d\src\matchers.cpp">
      <Filter>Src</Filter>
    </ClCompile>
    <ClCompile Include="C:\smartx1.0\modules\opencv\opencv-2.4.10\modules\features2d\src\mser.cpp">
      <Filter>Src</Filter>
    </ClCompile>
    <ClCompile Include="C:\smartx1.0\modules\opencv\opencv-2.4.10\modules\features2d\src\orb.cpp">
      <Filter>Src</Filter>
    </ClCompile>
    <ClCompile Include="C:\smartx1.0\modules\opencv\opencv-2.4.10\modules\features2d\src\stardetector.cpp">
      <Filter>Src</Filter>
    </ClCompile>
    <ClCompile Include="C:\smartx1.0\modules\opencv\opencv-2.4.10\modules\features2d\opencv_features2d_pch.cpp">
      <Filter>Source Files</Filter>
    </ClCompile>
  </ItemGroup>
  <ItemGroup>
    <ClInclude Include="C:\smartx1.0\modules\opencv\opencv-2.4.10\modules\features2d\include\opencv2\features2d\features2d.hpp">
      <Filter>Include</Filter>
    </ClInclude>
    <ClInclude Include="C:\smartx1.0\modules\opencv\opencv-2.4.10\modules\features2d\src\fast_score.hpp">
      <Filter>Src</Filter>
    </ClInclude>
    <ClInclude Include="C:\smartx1.0\modules\opencv\opencv-2.4.10\modules\features2d\src\precomp.hpp">
      <Filter>Src</Filter>
    </ClInclude>
    <ClInclude Include="C:\smartx1.0\modules\opencv\opencv-2.4.10\cvconfig.h">
      <Filter>Header Files</Filter>
    </ClInclude>
    <ClInclude Include="C:\smartx1.0\modules\opencv\opencv-2.4.10\opencv2\opencv_modules.hpp">
      <Filter>Header Files</Filter>
    </ClInclude>
  </ItemGroup>
  <ItemGroup>
    <CustomBuild Include="C:\smartx1.0\modules\opencv\opencv-2.4.10\modules\features2d\CMakeLists.txt" />
  </ItemGroup>
  <ItemGroup>
    <Filter Include="Header Files">
      <UniqueIdentifier>{E6428E4B-3832-39C3-A390-FDABC1B5AC00}</UniqueIdentifier>
    </Filter>
    <Filter Include="Include">
      <UniqueIdentifier>{A280D851-AF3D-383F-8C95-26A3EC1C1ED0}</UniqueIdentifier>
    </Filter>
    <Filter Include="Source Files">
      <UniqueIdentifier>{26CE975A-5610-31AA-9A8D-5F5FF54B625A}</UniqueIdentifier>
    </Filter>
    <Filter Include="Src">
      <UniqueIdentifier>{697B5E73-F8D9-3BB0-A0DB-5B0B33B621EE}</UniqueIdentifier>
    </Filter>
  </ItemGroup>
</Project>
