Microsoft Visual Studio Solution File, Format Version 12.00
# Visual Studio 14
Project("{2150E333-8FDC-42A3-9474-1A3956D46DE8}") = "3rdparty", "3rdparty", "{0E1FDA83-6239-3AC7-8932-7D9BF3781562}"
EndProject
Project("{2150E333-8FDC-42A3-9474-1A3956D46DE8}") = "CMakeTargets", "CMakeTargets", "{A497BAA5-3C76-3B83-B9AB-36D04EB31A95}"
EndProject
Project("{2150E333-8FDC-42A3-9474-1A3956D46DE8}") = "modules", "modules", "{721297C6-156D-3C5C-A817-452CD446DD6B}"
EndProject
Project("{2150E333-8FDC-42A3-9474-1A3956D46DE8}") = "tests accuracy", "tests accuracy", "{C8E814B7-9569-37DB-ABCA-1256ACC5B2ED}"
EndProject
Project("{2150E333-8FDC-42A3-9474-1A3956D46DE8}") = "tests performance", "tests performance", "{ED42C25A-FFDA-3278-9D45-D613DA71FE36}"
EndProject
Project("{8BC9CEB8-8B4A-11D0-8D11-00A0C91BC942}") = "ALL_BUILD", "ALL_BUILD.vcxproj", "{1DFF9DDB-4C8F-37F2-9FF9-7AA2E54CE436}"
	ProjectSection(ProjectDependencies) = postProject
		{C252B718-CA1E-3457-A4B3-037DF60D3E9D} = {C252B718-CA1E-3457-A4B3-037DF60D3E9D}
		{DDDDDDC2-6F08-34DF-A079-482032820311} = {DDDDDDC2-6F08-34DF-A079-482032820311}
		{62090FBD-400D-3DEE-B7A7-2F1F92A054C0} = {62090FBD-400D-3DEE-B7A7-2F1F92A054C0}
		{8907F631-0961-3993-B2CB-82997C605C09} = {8907F631-0961-3993-B2CB-82997C605C09}
	EndProjectSection
EndProject
Project("{8BC9CEB8-8B4A-11D0-8D11-00A0C91BC942}") = "INSTALL", "INSTALL.vcxproj", "{B94430B8-66A5-3ACA-AF0A-B6909797197C}"
	ProjectSection(ProjectDependencies) = postProject
		{1DFF9DDB-4C8F-37F2-9FF9-7AA2E54CE436} = {1DFF9DDB-4C8F-37F2-9FF9-7AA2E54CE436}
		{C252B718-CA1E-3457-A4B3-037DF60D3E9D} = {C252B718-CA1E-3457-A4B3-037DF60D3E9D}
	EndProjectSection
EndProject
Project("{8BC9CEB8-8B4A-11D0-8D11-00A0C91BC942}") = "IlmImf", "..\..\3rdparty\openexr\IlmImf.vcxproj", "{8E1CE817-DED7-3888-8DFD-0811EC7D2AF6}"
	ProjectSection(ProjectDependencies) = postProject
		{C252B718-CA1E-3457-A4B3-037DF60D3E9D} = {C252B718-CA1E-3457-A4B3-037DF60D3E9D}
		{130EA744-738E-3D03-8BEE-66390259495B} = {130EA744-738E-3D03-8BEE-66390259495B}
	EndProjectSection
EndProject
Project("{8BC9CEB8-8B4A-11D0-8D11-00A0C91BC942}") = "PACKAGE", "PACKAGE.vcxproj", "{8A356A0E-2C1F-355B-9E8D-0C5C5AD2D6D1}"
	ProjectSection(ProjectDependencies) = postProject
		{1DFF9DDB-4C8F-37F2-9FF9-7AA2E54CE436} = {1DFF9DDB-4C8F-37F2-9FF9-7AA2E54CE436}
		{C252B718-CA1E-3457-A4B3-037DF60D3E9D} = {C252B718-CA1E-3457-A4B3-037DF60D3E9D}
	EndProjectSection
EndProject
Project("{8BC9CEB8-8B4A-11D0-8D11-00A0C91BC942}") = "ZERO_CHECK", "..\..\\ZERO_CHECK.vcxproj", "{C252B718-CA1E-3457-A4B3-037DF60D3E9D}"
	ProjectSection(ProjectDependencies) = postProject
	EndProjectSection
EndProject
Project("{8BC9CEB8-8B4A-11D0-8D11-00A0C91BC942}") = "libjasper", "..\..\3rdparty\libjasper\libjasper.vcxproj", "{977A84D9-ECC3-3B45-B183-AD9120A93B7E}"
	ProjectSection(ProjectDependencies) = postProject
		{C252B718-CA1E-3457-A4B3-037DF60D3E9D} = {C252B718-CA1E-3457-A4B3-037DF60D3E9D}
	EndProjectSection
EndProject
Project("{8BC9CEB8-8B4A-11D0-8D11-00A0C91BC942}") = "libjpeg", "..\..\3rdparty\libjpeg\libjpeg.vcxproj", "{33175FC3-1CB6-3D20-915B-BC221C3EEE03}"
	ProjectSection(ProjectDependencies) = postProject
		{C252B718-CA1E-3457-A4B3-037DF60D3E9D} = {C252B718-CA1E-3457-A4B3-037DF60D3E9D}
	EndProjectSection
EndProject
Project("{8BC9CEB8-8B4A-11D0-8D11-00A0C91BC942}") = "libpng", "..\..\3rdparty\libpng\libpng.vcxproj", "{CBB8F7B0-C2AB-3DE4-BDF4-0BEA4325706E}"
	ProjectSection(ProjectDependencies) = postProject
		{C252B718-CA1E-3457-A4B3-037DF60D3E9D} = {C252B718-CA1E-3457-A4B3-037DF60D3E9D}
		{130EA744-738E-3D03-8BEE-66390259495B} = {130EA744-738E-3D03-8BEE-66390259495B}
	EndProjectSection
EndProject
Project("{8BC9CEB8-8B4A-11D0-8D11-00A0C91BC942}") = "libtiff", "..\..\3rdparty\libtiff\libtiff.vcxproj", "{59EE1A33-0C75-34B5-9E05-F065DFF7C188}"
	ProjectSection(ProjectDependencies) = postProject
		{C252B718-CA1E-3457-A4B3-037DF60D3E9D} = {C252B718-CA1E-3457-A4B3-037DF60D3E9D}
		{130EA744-738E-3D03-8BEE-66390259495B} = {130EA744-738E-3D03-8BEE-66390259495B}
	EndProjectSection
EndProject
Project("{8BC9CEB8-8B4A-11D0-8D11-00A0C91BC942}") = "opencv_core", "..\core\opencv_core.vcxproj", "{E3E1CF2E-C097-3EF6-BCE8-C30B9334EA1B}"
	ProjectSection(ProjectDependencies) = postProject
		{C252B718-CA1E-3457-A4B3-037DF60D3E9D} = {C252B718-CA1E-3457-A4B3-037DF60D3E9D}
		{130EA744-738E-3D03-8BEE-66390259495B} = {130EA744-738E-3D03-8BEE-66390259495B}
	EndProjectSection
EndProject
Project("{8BC9CEB8-8B4A-11D0-8D11-00A0C91BC942}") = "opencv_features2d", "opencv_features2d.vcxproj", "{DDDDDDC2-6F08-34DF-A079-482032820311}"
	ProjectSection(ProjectDependencies) = postProject
		{C252B718-CA1E-3457-A4B3-037DF60D3E9D} = {C252B718-CA1E-3457-A4B3-037DF60D3E9D}
		{E3E1CF2E-C097-3EF6-BCE8-C30B9334EA1B} = {E3E1CF2E-C097-3EF6-BCE8-C30B9334EA1B}
		{6B202E1D-4715-3FFA-9E46-32D6D7440A7C} = {6B202E1D-4715-3FFA-9E46-32D6D7440A7C}
		{1EFD348F-61C2-39CD-AE1B-3C5D6B9B79C9} = {1EFD348F-61C2-39CD-AE1B-3C5D6B9B79C9}
		{A730D35F-322B-35A0-8AB6-D3333EB9FD4C} = {A730D35F-322B-35A0-8AB6-D3333EB9FD4C}
	EndProjectSection
EndProject
Project("{8BC9CEB8-8B4A-11D0-8D11-00A0C91BC942}") = "opencv_flann", "..\flann\opencv_flann.vcxproj", "{6B202E1D-4715-3FFA-9E46-32D6D7440A7C}"
	ProjectSection(ProjectDependencies) = postProject
		{C252B718-CA1E-3457-A4B3-037DF60D3E9D} = {C252B718-CA1E-3457-A4B3-037DF60D3E9D}
		{E3E1CF2E-C097-3EF6-BCE8-C30B9334EA1B} = {E3E1CF2E-C097-3EF6-BCE8-C30B9334EA1B}
	EndProjectSection
EndProject
Project("{8BC9CEB8-8B4A-11D0-8D11-00A0C91BC942}") = "opencv_highgui", "..\highgui\opencv_highgui.vcxproj", "{1EFD348F-61C2-39CD-AE1B-3C5D6B9B79C9}"
	ProjectSection(ProjectDependencies) = postProject
		{8E1CE817-DED7-3888-8DFD-0811EC7D2AF6} = {8E1CE817-DED7-3888-8DFD-0811EC7D2AF6}
		{C252B718-CA1E-3457-A4B3-037DF60D3E9D} = {C252B718-CA1E-3457-A4B3-037DF60D3E9D}
		{977A84D9-ECC3-3B45-B183-AD9120A93B7E} = {977A84D9-ECC3-3B45-B183-AD9120A93B7E}
		{33175FC3-1CB6-3D20-915B-BC221C3EEE03} = {33175FC3-1CB6-3D20-915B-BC221C3EEE03}
		{CBB8F7B0-C2AB-3DE4-BDF4-0BEA4325706E} = {CBB8F7B0-C2AB-3DE4-BDF4-0BEA4325706E}
		{59EE1A33-0C75-34B5-9E05-F065DFF7C188} = {59EE1A33-0C75-34B5-9E05-F065DFF7C188}
		{E3E1CF2E-C097-3EF6-BCE8-C30B9334EA1B} = {E3E1CF2E-C097-3EF6-BCE8-C30B9334EA1B}
		{A730D35F-322B-35A0-8AB6-D3333EB9FD4C} = {A730D35F-322B-35A0-8AB6-D3333EB9FD4C}
		{130EA744-738E-3D03-8BEE-66390259495B} = {130EA744-738E-3D03-8BEE-66390259495B}
	EndProjectSection
EndProject
Project("{8BC9CEB8-8B4A-11D0-8D11-00A0C91BC942}") = "opencv_imgproc", "..\imgproc\opencv_imgproc.vcxproj", "{A730D35F-322B-35A0-8AB6-D3333EB9FD4C}"
	ProjectSection(ProjectDependencies) = postProject
		{C252B718-CA1E-3457-A4B3-037DF60D3E9D} = {C252B718-CA1E-3457-A4B3-037DF60D3E9D}
		{E3E1CF2E-C097-3EF6-BCE8-C30B9334EA1B} = {E3E1CF2E-C097-3EF6-BCE8-C30B9334EA1B}
	EndProjectSection
EndProject
Project("{8BC9CEB8-8B4A-11D0-8D11-00A0C91BC942}") = "opencv_perf_features2d", "opencv_perf_features2d.vcxproj", "{62090FBD-400D-3DEE-B7A7-2F1F92A054C0}"
	ProjectSection(ProjectDependencies) = postProject
		{C252B718-CA1E-3457-A4B3-037DF60D3E9D} = {C252B718-CA1E-3457-A4B3-037DF60D3E9D}
		{E3E1CF2E-C097-3EF6-BCE8-C30B9334EA1B} = {E3E1CF2E-C097-3EF6-BCE8-C30B9334EA1B}
		{DDDDDDC2-6F08-34DF-A079-482032820311} = {DDDDDDC2-6F08-34DF-A079-482032820311}
		{6B202E1D-4715-3FFA-9E46-32D6D7440A7C} = {6B202E1D-4715-3FFA-9E46-32D6D7440A7C}
		{1EFD348F-61C2-39CD-AE1B-3C5D6B9B79C9} = {1EFD348F-61C2-39CD-AE1B-3C5D6B9B79C9}
		{A730D35F-322B-35A0-8AB6-D3333EB9FD4C} = {A730D35F-322B-35A0-8AB6-D3333EB9FD4C}
		{5427CA50-ABB9-3861-99E9-099BDFE892F0} = {5427CA50-ABB9-3861-99E9-099BDFE892F0}
		{85EF2A83-D574-3044-880D-580C0D96EE00} = {85EF2A83-D574-3044-880D-580C0D96EE00}
	EndProjectSection
EndProject
Project("{8BC9CEB8-8B4A-11D0-8D11-00A0C91BC942}") = "opencv_test_features2d", "opencv_test_features2d.vcxproj", "{8907F631-0961-3993-B2CB-82997C605C09}"
	ProjectSection(ProjectDependencies) = postProject
		{C252B718-CA1E-3457-A4B3-037DF60D3E9D} = {C252B718-CA1E-3457-A4B3-037DF60D3E9D}
		{E3E1CF2E-C097-3EF6-BCE8-C30B9334EA1B} = {E3E1CF2E-C097-3EF6-BCE8-C30B9334EA1B}
		{DDDDDDC2-6F08-34DF-A079-482032820311} = {DDDDDDC2-6F08-34DF-A079-482032820311}
		{6B202E1D-4715-3FFA-9E46-32D6D7440A7C} = {6B202E1D-4715-3FFA-9E46-32D6D7440A7C}
		{1EFD348F-61C2-39CD-AE1B-3C5D6B9B79C9} = {1EFD348F-61C2-39CD-AE1B-3C5D6B9B79C9}
		{A730D35F-322B-35A0-8AB6-D3333EB9FD4C} = {A730D35F-322B-35A0-8AB6-D3333EB9FD4C}
		{5427CA50-ABB9-3861-99E9-099BDFE892F0} = {5427CA50-ABB9-3861-99E9-099BDFE892F0}
		{85EF2A83-D574-3044-880D-580C0D96EE00} = {85EF2A83-D574-3044-880D-580C0D96EE00}
	EndProjectSection
EndProject
Project("{8BC9CEB8-8B4A-11D0-8D11-00A0C91BC942}") = "opencv_ts", "..\ts\opencv_ts.vcxproj", "{5427CA50-ABB9-3861-99E9-099BDFE892F0}"
	ProjectSection(ProjectDependencies) = postProject
		{C252B718-CA1E-3457-A4B3-037DF60D3E9D} = {C252B718-CA1E-3457-A4B3-037DF60D3E9D}
		{E3E1CF2E-C097-3EF6-BCE8-C30B9334EA1B} = {E3E1CF2E-C097-3EF6-BCE8-C30B9334EA1B}
		{DDDDDDC2-6F08-34DF-A079-482032820311} = {DDDDDDC2-6F08-34DF-A079-482032820311}
		{6B202E1D-4715-3FFA-9E46-32D6D7440A7C} = {6B202E1D-4715-3FFA-9E46-32D6D7440A7C}
		{1EFD348F-61C2-39CD-AE1B-3C5D6B9B79C9} = {1EFD348F-61C2-39CD-AE1B-3C5D6B9B79C9}
		{A730D35F-322B-35A0-8AB6-D3333EB9FD4C} = {A730D35F-322B-35A0-8AB6-D3333EB9FD4C}
		{85EF2A83-D574-3044-880D-580C0D96EE00} = {85EF2A83-D574-3044-880D-580C0D96EE00}
	EndProjectSection
EndProject
Project("{8BC9CEB8-8B4A-11D0-8D11-00A0C91BC942}") = "opencv_video", "..\video\opencv_video.vcxproj", "{85EF2A83-D574-3044-880D-580C0D96EE00}"
	ProjectSection(ProjectDependencies) = postProject
		{C252B718-CA1E-3457-A4B3-037DF60D3E9D} = {C252B718-CA1E-3457-A4B3-037DF60D3E9D}
		{E3E1CF2E-C097-3EF6-BCE8-C30B9334EA1B} = {E3E1CF2E-C097-3EF6-BCE8-C30B9334EA1B}
		{A730D35F-322B-35A0-8AB6-D3333EB9FD4C} = {A730D35F-322B-35A0-8AB6-D3333EB9FD4C}
	EndProjectSection
EndProject
Project("{8BC9CEB8-8B4A-11D0-8D11-00A0C91BC942}") = "zlib", "..\..\3rdparty\zlib\zlib.vcxproj", "{130EA744-738E-3D03-8BEE-66390259495B}"
	ProjectSection(ProjectDependencies) = postProject
		{C252B718-CA1E-3457-A4B3-037DF60D3E9D} = {C252B718-CA1E-3457-A4B3-037DF60D3E9D}
	EndProjectSection
EndProject
Global
	GlobalSection(SolutionConfigurationPlatforms) = preSolution
		Debug|Win32 = Debug|Win32
		Release|Win32 = Release|Win32
	EndGlobalSection
	GlobalSection(ProjectConfigurationPlatforms) = postSolution
		{1DFF9DDB-4C8F-37F2-9FF9-7AA2E54CE436}.Debug|Win32.ActiveCfg = Debug|Win32
		{1DFF9DDB-4C8F-37F2-9FF9-7AA2E54CE436}.Debug|Win32.Build.0 = Debug|Win32
		{1DFF9DDB-4C8F-37F2-9FF9-7AA2E54CE436}.Release|Win32.ActiveCfg = Release|Win32
		{1DFF9DDB-4C8F-37F2-9FF9-7AA2E54CE436}.Release|Win32.Build.0 = Release|Win32
		{B94430B8-66A5-3ACA-AF0A-B6909797197C}.Debug|Win32.ActiveCfg = Debug|Win32
		{B94430B8-66A5-3ACA-AF0A-B6909797197C}.Release|Win32.ActiveCfg = Release|Win32
		{8E1CE817-DED7-3888-8DFD-0811EC7D2AF6}.Debug|Win32.ActiveCfg = Debug|Win32
		{8E1CE817-DED7-3888-8DFD-0811EC7D2AF6}.Debug|Win32.Build.0 = Debug|Win32
		{8E1CE817-DED7-3888-8DFD-0811EC7D2AF6}.Release|Win32.ActiveCfg = Release|Win32
		{8E1CE817-DED7-3888-8DFD-0811EC7D2AF6}.Release|Win32.Build.0 = Release|Win32
		{8A356A0E-2C1F-355B-9E8D-0C5C5AD2D6D1}.Debug|Win32.ActiveCfg = Debug|Win32
		{8A356A0E-2C1F-355B-9E8D-0C5C5AD2D6D1}.Release|Win32.ActiveCfg = Release|Win32
		{C252B718-CA1E-3457-A4B3-037DF60D3E9D}.Debug|Win32.ActiveCfg = Debug|Win32
		{C252B718-CA1E-3457-A4B3-037DF60D3E9D}.Debug|Win32.Build.0 = Debug|Win32
		{C252B718-CA1E-3457-A4B3-037DF60D3E9D}.Release|Win32.ActiveCfg = Release|Win32
		{C252B718-CA1E-3457-A4B3-037DF60D3E9D}.Release|Win32.Build.0 = Release|Win32
		{977A84D9-ECC3-3B45-B183-AD9120A93B7E}.Debug|Win32.ActiveCfg = Debug|Win32
		{977A84D9-ECC3-3B45-B183-AD9120A93B7E}.Debug|Win32.Build.0 = Debug|Win32
		{977A84D9-ECC3-3B45-B183-AD9120A93B7E}.Release|Win32.ActiveCfg = Release|Win32
		{977A84D9-ECC3-3B45-B183-AD9120A93B7E}.Release|Win32.Build.0 = Release|Win32
		{33175FC3-1CB6-3D20-915B-BC221C3EEE03}.Debug|Win32.ActiveCfg = Debug|Win32
		{33175FC3-1CB6-3D20-915B-BC221C3EEE03}.Debug|Win32.Build.0 = Debug|Win32
		{33175FC3-1CB6-3D20-915B-BC221C3EEE03}.Release|Win32.ActiveCfg = Release|Win32
		{33175FC3-1CB6-3D20-915B-BC221C3EEE03}.Release|Win32.Build.0 = Release|Win32
		{CBB8F7B0-C2AB-3DE4-BDF4-0BEA4325706E}.Debug|Win32.ActiveCfg = Debug|Win32
		{CBB8F7B0-C2AB-3DE4-BDF4-0BEA4325706E}.Debug|Win32.Build.0 = Debug|Win32
		{CBB8F7B0-C2AB-3DE4-BDF4-0BEA4325706E}.Release|Win32.ActiveCfg = Release|Win32
		{CBB8F7B0-C2AB-3DE4-BDF4-0BEA4325706E}.Release|Win32.Build.0 = Release|Win32
		{59EE1A33-0C75-34B5-9E05-F065DFF7C188}.Debug|Win32.ActiveCfg = Debug|Win32
		{59EE1A33-0C75-34B5-9E05-F065DFF7C188}.Debug|Win32.Build.0 = Debug|Win32
		{59EE1A33-0C75-34B5-9E05-F065DFF7C188}.Release|Win32.ActiveCfg = Release|Win32
		{59EE1A33-0C75-34B5-9E05-F065DFF7C188}.Release|Win32.Build.0 = Release|Win32
		{E3E1CF2E-C097-3EF6-BCE8-C30B9334EA1B}.Debug|Win32.ActiveCfg = Debug|Win32
		{E3E1CF2E-C097-3EF6-BCE8-C30B9334EA1B}.Debug|Win32.Build.0 = Debug|Win32
		{E3E1CF2E-C097-3EF6-BCE8-C30B9334EA1B}.Release|Win32.ActiveCfg = Release|Win32
		{E3E1CF2E-C097-3EF6-BCE8-C30B9334EA1B}.Release|Win32.Build.0 = Release|Win32
		{DDDDDDC2-6F08-34DF-A079-482032820311}.Debug|Win32.ActiveCfg = Debug|Win32
		{DDDDDDC2-6F08-34DF-A079-482032820311}.Debug|Win32.Build.0 = Debug|Win32
		{DDDDDDC2-6F08-34DF-A079-482032820311}.Release|Win32.ActiveCfg = Release|Win32
		{DDDDDDC2-6F08-34DF-A079-482032820311}.Release|Win32.Build.0 = Release|Win32
		{6B202E1D-4715-3FFA-9E46-32D6D7440A7C}.Debug|Win32.ActiveCfg = Debug|Win32
		{6B202E1D-4715-3FFA-9E46-32D6D7440A7C}.Debug|Win32.Build.0 = Debug|Win32
		{6B202E1D-4715-3FFA-9E46-32D6D7440A7C}.Release|Win32.ActiveCfg = Release|Win32
		{6B202E1D-4715-3FFA-9E46-32D6D7440A7C}.Release|Win32.Build.0 = Release|Win32
		{1EFD348F-61C2-39CD-AE1B-3C5D6B9B79C9}.Debug|Win32.ActiveCfg = Debug|Win32
		{1EFD348F-61C2-39CD-AE1B-3C5D6B9B79C9}.Debug|Win32.Build.0 = Debug|Win32
		{1EFD348F-61C2-39CD-AE1B-3C5D6B9B79C9}.Release|Win32.ActiveCfg = Release|Win32
		{1EFD348F-61C2-39CD-AE1B-3C5D6B9B79C9}.Release|Win32.Build.0 = Release|Win32
		{A730D35F-322B-35A0-8AB6-D3333EB9FD4C}.Debug|Win32.ActiveCfg = Debug|Win32
		{A730D35F-322B-35A0-8AB6-D3333EB9FD4C}.Debug|Win32.Build.0 = Debug|Win32
		{A730D35F-322B-35A0-8AB6-D3333EB9FD4C}.Release|Win32.ActiveCfg = Release|Win32
		{A730D35F-322B-35A0-8AB6-D3333EB9FD4C}.Release|Win32.Build.0 = Release|Win32
		{62090FBD-400D-3DEE-B7A7-2F1F92A054C0}.Debug|Win32.ActiveCfg = Debug|Win32
		{62090FBD-400D-3DEE-B7A7-2F1F92A054C0}.Debug|Win32.Build.0 = Debug|Win32
		{62090FBD-400D-3DEE-B7A7-2F1F92A054C0}.Release|Win32.ActiveCfg = Release|Win32
		{62090FBD-400D-3DEE-B7A7-2F1F92A054C0}.Release|Win32.Build.0 = Release|Win32
		{8907F631-0961-3993-B2CB-82997C605C09}.Debug|Win32.ActiveCfg = Debug|Win32
		{8907F631-0961-3993-B2CB-82997C605C09}.Debug|Win32.Build.0 = Debug|Win32
		{8907F631-0961-3993-B2CB-82997C605C09}.Release|Win32.ActiveCfg = Release|Win32
		{8907F631-0961-3993-B2CB-82997C605C09}.Release|Win32.Build.0 = Release|Win32
		{5427CA50-ABB9-3861-99E9-099BDFE892F0}.Debug|Win32.ActiveCfg = Debug|Win32
		{5427CA50-ABB9-3861-99E9-099BDFE892F0}.Debug|Win32.Build.0 = Debug|Win32
		{5427CA50-ABB9-3861-99E9-099BDFE892F0}.Release|Win32.ActiveCfg = Release|Win32
		{5427CA50-ABB9-3861-99E9-099BDFE892F0}.Release|Win32.Build.0 = Release|Win32
		{85EF2A83-D574-3044-880D-580C0D96EE00}.Debug|Win32.ActiveCfg = Debug|Win32
		{85EF2A83-D574-3044-880D-580C0D96EE00}.Debug|Win32.Build.0 = Debug|Win32
		{85EF2A83-D574-3044-880D-580C0D96EE00}.Release|Win32.ActiveCfg = Release|Win32
		{85EF2A83-D574-3044-880D-580C0D96EE00}.Release|Win32.Build.0 = Release|Win32
		{130EA744-738E-3D03-8BEE-66390259495B}.Debug|Win32.ActiveCfg = Debug|Win32
		{130EA744-738E-3D03-8BEE-66390259495B}.Debug|Win32.Build.0 = Debug|Win32
		{130EA744-738E-3D03-8BEE-66390259495B}.Release|Win32.ActiveCfg = Release|Win32
		{130EA744-738E-3D03-8BEE-66390259495B}.Release|Win32.Build.0 = Release|Win32
	EndGlobalSection
	GlobalSection(NestedProjects) = preSolution
		{8E1CE817-DED7-3888-8DFD-0811EC7D2AF6} = {0E1FDA83-6239-3AC7-8932-7D9BF3781562}
		{977A84D9-ECC3-3B45-B183-AD9120A93B7E} = {0E1FDA83-6239-3AC7-8932-7D9BF3781562}
		{33175FC3-1CB6-3D20-915B-BC221C3EEE03} = {0E1FDA83-6239-3AC7-8932-7D9BF3781562}
		{CBB8F7B0-C2AB-3DE4-BDF4-0BEA4325706E} = {0E1FDA83-6239-3AC7-8932-7D9BF3781562}
		{59EE1A33-0C75-34B5-9E05-F065DFF7C188} = {0E1FDA83-6239-3AC7-8932-7D9BF3781562}
		{130EA744-738E-3D03-8BEE-66390259495B} = {0E1FDA83-6239-3AC7-8932-7D9BF3781562}
		{1DFF9DDB-4C8F-37F2-9FF9-7AA2E54CE436} = {A497BAA5-3C76-3B83-B9AB-36D04EB31A95}
		{B94430B8-66A5-3ACA-AF0A-B6909797197C} = {A497BAA5-3C76-3B83-B9AB-36D04EB31A95}
		{8A356A0E-2C1F-355B-9E8D-0C5C5AD2D6D1} = {A497BAA5-3C76-3B83-B9AB-36D04EB31A95}
		{C252B718-CA1E-3457-A4B3-037DF60D3E9D} = {A497BAA5-3C76-3B83-B9AB-36D04EB31A95}
		{E3E1CF2E-C097-3EF6-BCE8-C30B9334EA1B} = {721297C6-156D-3C5C-A817-452CD446DD6B}
		{DDDDDDC2-6F08-34DF-A079-482032820311} = {721297C6-156D-3C5C-A817-452CD446DD6B}
		{6B202E1D-4715-3FFA-9E46-32D6D7440A7C} = {721297C6-156D-3C5C-A817-452CD446DD6B}
		{1EFD348F-61C2-39CD-AE1B-3C5D6B9B79C9} = {721297C6-156D-3C5C-A817-452CD446DD6B}
		{A730D35F-322B-35A0-8AB6-D3333EB9FD4C} = {721297C6-156D-3C5C-A817-452CD446DD6B}
		{5427CA50-ABB9-3861-99E9-099BDFE892F0} = {721297C6-156D-3C5C-A817-452CD446DD6B}
		{85EF2A83-D574-3044-880D-580C0D96EE00} = {721297C6-156D-3C5C-A817-452CD446DD6B}
		{8907F631-0961-3993-B2CB-82997C605C09} = {C8E814B7-9569-37DB-ABCA-1256ACC5B2ED}
		{62090FBD-400D-3DEE-B7A7-2F1F92A054C0} = {ED42C25A-FFDA-3278-9D45-D613DA71FE36}
	EndGlobalSection
	GlobalSection(ExtensibilityGlobals) = postSolution
		SolutionGuid = {4D8CD3A3-9348-36BB-8395-46DEA0CE99B7}
	EndGlobalSection
	GlobalSection(ExtensibilityAddIns) = postSolution
	EndGlobalSection
EndGlobal
