
Microsoft Visual Studio Solution File, Format Version 12.00
# Visual Studio 15
VisualStudioVersion = 15.0.28307.1433
MinimumVisualStudioVersion = 10.0.40219.1
Project("{8BC9CEB8-8B4A-11D0-8D11-00A0C91BC942}") = "quark", "quark.vcxproj", "{5B81CD5C-8E82-4D17-A89F-DC9EADA3311C}"
EndProject
Global
	GlobalSection(SolutionConfigurationPlatforms) = preSolution
		Debug|Win32 = Debug|Win32
		Release|Win32 = Release|Win32
	EndGlobalSection
	GlobalSection(ProjectConfigurationPlatforms) = postSolution
		{5B81CD5C-8E82-4D17-A89F-DC9EADA3311C}.Debug|Win32.ActiveCfg = Debug|Win32
		{5B81CD5C-8E82-4D17-A89F-DC9EADA3311C}.Debug|Win32.Build.0 = Debug|Win32
		{5B81CD5C-8E82-4D17-A89F-DC9EADA3311C}.Release|Win32.ActiveCfg = Release|Win32
		{5B81CD5C-8E82-4D17-A89F-DC9EADA3311C}.Release|Win32.Build.0 = Release|Win32
	EndGlobalSection
	GlobalSection(SolutionProperties) = preSolution
		HideSolutionNode = FALSE
	EndGlobalSection
	GlobalSection(ExtensibilityGlobals) = postSolution
		SolutionGuid = {CEBAAE30-5C69-49DA-BAE0-BAEC414A1E98}
	EndGlobalSection
EndGlobal
